// !$*UTF8*$!
{
	archiveVersion = 1;
	classes = {
	};
	objectVersion = 50;
	objects = {

/* Begin PBXBuildFile section */
		7D6AD91E2715B55E00B22309 /* StubSample.swift in Sources */ = {isa = PBXBuildFile; fileRef = 7D6AD91D2715B55E00B22309 /* StubSample.swift */; };
		7D6AD9202715B9BA00B22309 /* MockSample.swift in Sources */ = {isa = PBXBuildFile; fileRef = 7D6AD91F2715B9BA00B22309 /* MockSample.swift */; };
		7DA68800270B490C00D15628 /* SampleTest.swift in Sources */ = {isa = PBXBuildFile; fileRef = 7DA687FF270B490C00D15628 /* SampleTest.swift */; };
		7DF46EC52703246500BD76D2 /* AppDelegate.swift in Sources */ = {isa = PBXBuildFile; fileRef = 7DF46EC42703246500BD76D2 /* AppDelegate.swift */; };
		7DF46EC72703246500BD76D2 /* SceneDelegate.swift in Sources */ = {isa = PBXBuildFile; fileRef = 7DF46EC62703246500BD76D2 /* SceneDelegate.swift */; };
		7DF46EC92703246500BD76D2 /* ViewController.swift in Sources */ = {isa = PBXBuildFile; fileRef = 7DF46EC82703246500BD76D2 /* ViewController.swift */; };
		7DF46ECC2703246500BD76D2 /* Main.storyboard in Resources */ = {isa = PBXBuildFile; fileRef = 7DF46ECA2703246500BD76D2 /* Main.storyboard */; };
		7DF46ECE2703246600BD76D2 /* Assets.xcassets in Resources */ = {isa = PBXBuildFile; fileRef = 7DF46ECD2703246600BD76D2 /* Assets.xcassets */; };
		7DF46ED12703246600BD76D2 /* LaunchScreen.storyboard in Resources */ = {isa = PBXBuildFile; fileRef = 7DF46ECF2703246600BD76D2 /* LaunchScreen.storyboard */; };
		7DF46EDC2703246600BD76D2 /* iOS_TestTests.swift in Sources */ = {isa = PBXBuildFile; fileRef = 7DF46EDB2703246600BD76D2 /* iOS_TestTests.swift */; };
		7DF46EE72703246600BD76D2 /* iOS_TestUITests.swift in Sources */ = {isa = PBXBuildFile; fileRef = 7DF46EE62703246600BD76D2 /* iOS_TestUITests.swift */; };
		7DF46EF527035B2300BD76D2 /* User.swift in Sources */ = {isa = PBXBuildFile; fileRef = 7DF46EF427035B2300BD76D2 /* User.swift */; };
		7DF46EF627035B2300BD76D2 /* User.swift in Sources */ = {isa = PBXBuildFile; fileRef = 7DF46EF427035B2300BD76D2 /* User.swift */; };
/* End PBXBuildFile section */

/* Begin PBXContainerItemProxy section */
		7DF46ED82703246600BD76D2 /* PBXContainerItemProxy */ = {
			isa = PBXContainerItemProxy;
			containerPortal = 7DF46EB92703246500BD76D2 /* Project object */;
			proxyType = 1;
			remoteGlobalIDString = 7DF46EC02703246500BD76D2;
			remoteInfo = iOS_Test;
		};
		7DF46EE32703246600BD76D2 /* PBXContainerItemProxy */ = {
			isa = PBXContainerItemProxy;
			containerPortal = 7DF46EB92703246500BD76D2 /* Project object */;
			proxyType = 1;
			remoteGlobalIDString = 7DF46EC02703246500BD76D2;
			remoteInfo = iOS_Test;
		};
/* End PBXContainerItemProxy section */

/* Begin PBXFileReference section */
		7D675B7227109B5400A59556 /* SampleCode.playground */ = {isa = PBXFileReference; lastKnownFileType = file.playground; path = SampleCode.playground; sourceTree = "<group>"; xcLanguageSpecificationIdentifier = xcode.lang.swift; };
		7D6AD91D2715B55E00B22309 /* StubSample.swift */ = {isa = PBXFileReference; lastKnownFileType = sourcecode.swift; path = StubSample.swift; sourceTree = "<group>"; };
		7D6AD91F2715B9BA00B22309 /* MockSample.swift */ = {isa = PBXFileReference; lastKnownFileType = sourcecode.swift; path = MockSample.swift; sourceTree = "<group>"; };
		7DA687FF270B490C00D15628 /* SampleTest.swift */ = {isa = PBXFileReference; lastKnownFileType = sourcecode.swift; path = SampleTest.swift; sourceTree = "<group>"; };
		7DF46EC12703246500BD76D2 /* iOS_Test.app */ = {isa = PBXFileReference; explicitFileType = wrapper.application; includeInIndex = 0; path = iOS_Test.app; sourceTree = BUILT_PRODUCTS_DIR; };
		7DF46EC42703246500BD76D2 /* AppDelegate.swift */ = {isa = PBXFileReference; lastKnownFileType = sourcecode.swift; path = AppDelegate.swift; sourceTree = "<group>"; };
		7DF46EC62703246500BD76D2 /* SceneDelegate.swift */ = {isa = PBXFileReference; lastKnownFileType = sourcecode.swift; path = SceneDelegate.swift; sourceTree = "<group>"; };
		7DF46EC82703246500BD76D2 /* ViewController.swift */ = {isa = PBXFileReference; lastKnownFileType = sourcecode.swift; path = ViewController.swift; sourceTree = "<group>"; };
		7DF46ECB2703246500BD76D2 /* Base */ = {isa = PBXFileReference; lastKnownFileType = file.storyboard; name = Base; path = Base.lproj/Main.storyboard; sourceTree = "<group>"; };
		7DF46ECD2703246600BD76D2 /* Assets.xcassets */ = {isa = PBXFileReference; lastKnownFileType = folder.assetcatalog; path = Assets.xcassets; sourceTree = "<group>"; };
		7DF46ED02703246600BD76D2 /* Base */ = {isa = PBXFileReference; lastKnownFileType = file.storyboard; name = Base; path = Base.lproj/LaunchScreen.storyboard; sourceTree = "<group>"; };
		7DF46ED22703246600BD76D2 /* Info.plist */ = {isa = PBXFileReference; lastKnownFileType = text.plist.xml; path = Info.plist; sourceTree = "<group>"; };
		7DF46ED72703246600BD76D2 /* iOS_TestTests.xctest */ = {isa = PBXFileReference; explicitFileType = wrapper.cfbundle; includeInIndex = 0; path = iOS_TestTests.xctest; sourceTree = BUILT_PRODUCTS_DIR; };
		7DF46EDB2703246600BD76D2 /* iOS_TestTests.swift */ = {isa = PBXFileReference; lastKnownFileType = sourcecode.swift; path = iOS_TestTests.swift; sourceTree = "<group>"; };
		7DF46EDD2703246600BD76D2 /* Info.plist */ = {isa = PBXFileReference; lastKnownFileType = text.plist.xml; path = Info.plist; sourceTree = "<group>"; };
		7DF46EE22703246600BD76D2 /* iOS_TestUITests.xctest */ = {isa = PBXFileReference; explicitFileType = wrapper.cfbundle; includeInIndex = 0; path = iOS_TestUITests.xctest; sourceTree = BUILT_PRODUCTS_DIR; };
		7DF46EE62703246600BD76D2 /* iOS_TestUITests.swift */ = {isa = PBXFileReference; lastKnownFileType = sourcecode.swift; path = iOS_TestUITests.swift; sourceTree = "<group>"; };
		7DF46EE82703246600BD76D2 /* Info.plist */ = {isa = PBXFileReference; lastKnownFileType = text.plist.xml; path = Info.plist; sourceTree = "<group>"; };
		7DF46EF427035B2300BD76D2 /* User.swift */ = {isa = PBXFileReference; lastKnownFileType = sourcecode.swift; path = User.swift; sourceTree = "<group>"; };
/* End PBXFileReference section */

/* Begin PBXFrameworksBuildPhase section */
		7DF46EBE2703246500BD76D2 /* Frameworks */ = {
			isa = PBXFrameworksBuildPhase;
			buildActionMask = 2147483647;
			files = (
			);
			runOnlyForDeploymentPostprocessing = 0;
		};
		7DF46ED42703246600BD76D2 /* Frameworks */ = {
			isa = PBXFrameworksBuildPhase;
			buildActionMask = 2147483647;
			files = (
			);
			runOnlyForDeploymentPostprocessing = 0;
		};
		7DF46EDF2703246600BD76D2 /* Frameworks */ = {
			isa = PBXFrameworksBuildPhase;
			buildActionMask = 2147483647;
			files = (
			);
			runOnlyForDeploymentPostprocessing = 0;
		};
/* End PBXFrameworksBuildPhase section */

/* Begin PBXGroup section */
		7DF46EB82703246500BD76D2 = {
			isa = PBXGroup;
			children = (
				7D675B7227109B5400A59556 /* SampleCode.playground */,
				7DF46EC32703246500BD76D2 /* iOS_Test */,
				7DF46EDA2703246600BD76D2 /* iOS_TestTests */,
				7DF46EE52703246600BD76D2 /* iOS_TestUITests */,
				7DF46EC22703246500BD76D2 /* Products */,
			);
			sourceTree = "<group>";
		};
		7DF46EC22703246500BD76D2 /* Products */ = {
			isa = PBXGroup;
			children = (
				7DF46EC12703246500BD76D2 /* iOS_Test.app */,
				7DF46ED72703246600BD76D2 /* iOS_TestTests.xctest */,
				7DF46EE22703246600BD76D2 /* iOS_TestUITests.xctest */,
			);
			name = Products;
			sourceTree = "<group>";
		};
		7DF46EC32703246500BD76D2 /* iOS_Test */ = {
			isa = PBXGroup;
			children = (
				7DF46EC42703246500BD76D2 /* AppDelegate.swift */,
				7DF46EC62703246500BD76D2 /* SceneDelegate.swift */,
				7DF46EC82703246500BD76D2 /* ViewController.swift */,
				7DF46ECA2703246500BD76D2 /* Main.storyboard */,
				7DF46ECD2703246600BD76D2 /* Assets.xcassets */,
				7DF46ECF2703246600BD76D2 /* LaunchScreen.storyboard */,
				7DF46ED22703246600BD76D2 /* Info.plist */,
				7DF46EF427035B2300BD76D2 /* User.swift */,
			);
			path = iOS_Test;
			sourceTree = "<group>";
		};
		7DF46EDA2703246600BD76D2 /* iOS_TestTests */ = {
			isa = PBXGroup;
			children = (
				7DF46EDB2703246600BD76D2 /* iOS_TestTests.swift */,
				7DF46EDD2703246600BD76D2 /* Info.plist */,
				7DA687FF270B490C00D15628 /* SampleTest.swift */,
				7D6AD91D2715B55E00B22309 /* StubSample.swift */,
				7D6AD91F2715B9BA00B22309 /* MockSample.swift */,
			);
			path = iOS_TestTests;
			sourceTree = "<group>";
		};
		7DF46EE52703246600BD76D2 /* iOS_TestUITests */ = {
			isa = PBXGroup;
			children = (
				7DF46EE62703246600BD76D2 /* iOS_TestUITests.swift */,
				7DF46EE82703246600BD76D2 /* Info.plist */,
			);
			path = iOS_TestUITests;
			sourceTree = "<group>";
		};
/* End PBXGroup section */

/* Begin PBXNativeTarget section */
		7DF46EC02703246500BD76D2 /* iOS_Test */ = {
			isa = PBXNativeTarget;
			buildConfigurationList = 7DF46EEB2703246600BD76D2 /* Build configuration list for PBXNativeTarget "iOS_Test" */;
			buildPhases = (
				7DF46EBD2703246500BD76D2 /* Sources */,
				7DF46EBE2703246500BD76D2 /* Frameworks */,
				7DF46EBF2703246500BD76D2 /* Resources */,
			);
			buildRules = (
			);
			dependencies = (
			);
			name = iOS_Test;
			productName = iOS_Test;
			productReference = 7DF46EC12703246500BD76D2 /* iOS_Test.app */;
			productType = "com.apple.product-type.application";
		};
		7DF46ED62703246600BD76D2 /* iOS_TestTests */ = {
			isa = PBXNativeTarget;
			buildConfigurationList = 7DF46EEE2703246600BD76D2 /* Build configuration list for PBXNativeTarget "iOS_TestTests" */;
			buildPhases = (
				7DF46ED32703246600BD76D2 /* Sources */,
				7DF46ED42703246600BD76D2 /* Frameworks */,
				7DF46ED52703246600BD76D2 /* Resources */,
			);
			buildRules = (
			);
			dependencies = (
				7DF46ED92703246600BD76D2 /* PBXTargetDependency */,
			);
			name = iOS_TestTests;
			productName = iOS_TestTests;
			productReference = 7DF46ED72703246600BD76D2 /* iOS_TestTests.xctest */;
			productType = "com.apple.product-type.bundle.unit-test";
		};
		7DF46EE12703246600BD76D2 /* iOS_TestUITests */ = {
			isa = PBXNativeTarget;
			buildConfigurationList = 7DF46EF12703246600BD76D2 /* Build configuration list for PBXNativeTarget "iOS_TestUITests" */;
			buildPhases = (
				7DF46EDE2703246600BD76D2 /* Sources */,
				7DF46EDF2703246600BD76D2 /* Frameworks */,
				7DF46EE02703246600BD76D2 /* Resources */,
			);
			buildRules = (
			);
			dependencies = (
				7DF46EE42703246600BD76D2 /* PBXTargetDependency */,
			);
			name = iOS_TestUITests;
			productName = iOS_TestUITests;
			productReference = 7DF46EE22703246600BD76D2 /* iOS_TestUITests.xctest */;
			productType = "com.apple.product-type.bundle.ui-testing";
		};
/* End PBXNativeTarget section */

/* Begin PBXProject section */
		7DF46EB92703246500BD76D2 /* Project object */ = {
			isa = PBXProject;
			attributes = {
				LastSwiftUpdateCheck = 1250;
				LastUpgradeCheck = 1250;
				TargetAttributes = {
					7DF46EC02703246500BD76D2 = {
						CreatedOnToolsVersion = 12.5.1;
					};
					7DF46ED62703246600BD76D2 = {
						CreatedOnToolsVersion = 12.5.1;
						TestTargetID = 7DF46EC02703246500BD76D2;
					};
					7DF46EE12703246600BD76D2 = {
						CreatedOnToolsVersion = 12.5.1;
						TestTargetID = 7DF46EC02703246500BD76D2;
					};
				};
			};
			buildConfigurationList = 7DF46EBC2703246500BD76D2 /* Build configuration list for PBXProject "iOS_Test" */;
			compatibilityVersion = "Xcode 9.3";
			developmentRegion = en;
			hasScannedForEncodings = 0;
			knownRegions = (
				en,
				Base,
			);
			mainGroup = 7DF46EB82703246500BD76D2;
			productRefGroup = 7DF46EC22703246500BD76D2 /* Products */;
			projectDirPath = "";
			projectRoot = "";
			targets = (
				7DF46EC02703246500BD76D2 /* iOS_Test */,
				7DF46ED62703246600BD76D2 /* iOS_TestTests */,
				7DF46EE12703246600BD76D2 /* iOS_TestUITests */,
			);
		};
/* End PBXProject section */

/* Begin PBXResourcesBuildPhase section */
		7DF46EBF2703246500BD76D2 /* Resources */ = {
			isa = PBXResourcesBuildPhase;
			buildActionMask = 2147483647;
			files = (
				7DF46ED12703246600BD76D2 /* LaunchScreen.storyboard in Resources */,
				7DF46ECE2703246600BD76D2 /* Assets.xcassets in Resources */,
				7DF46ECC2703246500BD76D2 /* Main.storyboard in Resources */,
			);
			runOnlyForDeploymentPostprocessing = 0;
		};
		7DF46ED52703246600BD76D2 /* Resources */ = {
			isa = PBXResourcesBuildPhase;
			buildActionMask = 2147483647;
			files = (
			);
			runOnlyForDeploymentPostprocessing = 0;
		};
		7DF46EE02703246600BD76D2 /* Resources */ = {
			isa = PBXResourcesBuildPhase;
			buildActionMask = 2147483647;
			files = (
			);
			runOnlyForDeploymentPostprocessing = 0;
		};
/* End PBXResourcesBuildPhase section */

/* Begin PBXSourcesBuildPhase section */
		7DF46EBD2703246500BD76D2 /* Sources */ = {
			isa = PBXSourcesBuildPhase;
			buildActionMask = 2147483647;
			files = (
				7DF46EC92703246500BD76D2 /* ViewController.swift in Sources */,
				7DF46EF527035B2300BD76D2 /* User.swift in Sources */,
				7DF46EC52703246500BD76D2 /* AppDelegate.swift in Sources */,
				7DF46EC72703246500BD76D2 /* SceneDelegate.swift in Sources */,
			);
			runOnlyForDeploymentPostprocessing = 0;
		};
		7DF46ED32703246600BD76D2 /* Sources */ = {
			isa = PBXSourcesBuildPhase;
			buildActionMask = 2147483647;
			files = (
				7D6AD9202715B9BA00B22309 /* MockSample.swift in Sources */,
				7DF46EDC2703246600BD76D2 /* iOS_TestTests.swift in Sources */,
				7DF46EF627035B2300BD76D2 /* User.swift in Sources */,
				7DA68800270B490C00D15628 /* SampleTest.swift in Sources */,
				7D6AD91E2715B55E00B22309 /* StubSample.swift in Sources */,
			);
			runOnlyForDeploymentPostprocessing = 0;
		};
		7DF46EDE2703246600BD76D2 /* Sources */ = {
			isa = PBXSourcesBuildPhase;
			buildActionMask = 2147483647;
			files = (
				7DF46EE72703246600BD76D2 /* iOS_TestUITests.swift in Sources */,
			);
			runOnlyForDeploymentPostprocessing = 0;
		};
/* End PBXSourcesBuildPhase section */

/* Begin PBXTargetDependency section */
		7DF46ED92703246600BD76D2 /* PBXTargetDependency */ = {
			isa = PBXTargetDependency;
			target = 7DF46EC02703246500BD76D2 /* iOS_Test */;
			targetProxy = 7DF46ED82703246600BD76D2 /* PBXContainerItemProxy */;
		};
		7DF46EE42703246600BD76D2 /* PBXTargetDependency */ = {
			isa = PBXTargetDependency;
			target = 7DF46EC02703246500BD76D2 /* iOS_Test */;
			targetProxy = 7DF46EE32703246600BD76D2 /* PBXContainerItemProxy */;
		};
/* End PBXTargetDependency section */

/* Begin PBXVariantGroup section */
		7DF46ECA2703246500BD76D2 /* Main.storyboard */ = {
			isa = PBXVariantGroup;
			children = (
				7DF46ECB2703246500BD76D2 /* Base */,
			);
			name = Main.storyboard;
			sourceTree = "<group>";
		};
		7DF46ECF2703246600BD76D2 /* LaunchScreen.storyboard */ = {
			isa = PBXVariantGroup;
			children = (
				7DF46ED02703246600BD76D2 /* Base */,
			);
			name = LaunchScreen.storyboard;
			sourceTree = "<group>";
		};
/* End PBXVariantGroup section */

/* Begin XCBuildConfiguration section */
		7DF46EE92703246600BD76D2 /* Debug */ = {
			isa = XCBuildConfiguration;
			buildSettings = {
				ALWAYS_SEARCH_USER_PATHS = NO;
				CLANG_ANALYZER_NONNULL = YES;
				CLANG_ANALYZER_NUMBER_OBJECT_CONVERSION = YES_AGGRESSIVE;
				CLANG_CXX_LANGUAGE_STANDARD = "gnu++14";
				CLANG_CXX_LIBRARY = "libc++";
				CLANG_ENABLE_MODULES = YES;
				CLANG_ENABLE_OBJC_ARC = YES;
				CLANG_ENABLE_OBJC_WEAK = YES;
				CLANG_WARN_BLOCK_CAPTURE_AUTORELEASING = YES;
				CLANG_WARN_BOOL_CONVERSION = YES;
				CLANG_WARN_COMMA = YES;
				CLANG_WARN_CONSTANT_CONVERSION = YES;
				CLANG_WARN_DEPRECATED_OBJC_IMPLEMENTATIONS = YES;
				CLANG_WARN_DIRECT_OBJC_ISA_USAGE = YES_ERROR;
				CLANG_WARN_DOCUMENTATION_COMMENTS = YES;
				CLANG_WARN_EMPTY_BODY = YES;
				CLANG_WARN_ENUM_CONVERSION = YES;
				CLANG_WARN_INFINITE_RECURSION = YES;
				CLANG_WARN_INT_CONVERSION = YES;
				CLANG_WARN_NON_LITERAL_NULL_CONVERSION = YES;
				CLANG_WARN_OBJC_IMPLICIT_RETAIN_SELF = YES;
				CLANG_WARN_OBJC_LITERAL_CONVERSION = YES;
				CLANG_WARN_OBJC_ROOT_CLASS = YES_ERROR;
				CLANG_WARN_QUOTED_INCLUDE_IN_FRAMEWORK_HEADER = YES;
				CLANG_WARN_RANGE_LOOP_ANALYSIS = YES;
				CLANG_WARN_STRICT_PROTOTYPES = YES;
				CLANG_WARN_SUSPICIOUS_MOVE = YES;
				CLANG_WARN_UNGUARDED_AVAILABILITY = YES_AGGRESSIVE;
				CLANG_WARN_UNREACHABLE_CODE = YES;
				CLANG_WARN__DUPLICATE_METHOD_MATCH = YES;
				COPY_PHASE_STRIP = NO;
				DEBUG_INFORMATION_FORMAT = dwarf;
				ENABLE_STRICT_OBJC_MSGSEND = YES;
				ENABLE_TESTABILITY = YES;
				GCC_C_LANGUAGE_STANDARD = gnu11;
				GCC_DYNAMIC_NO_PIC = NO;
				GCC_NO_COMMON_BLOCKS = YES;
				GCC_OPTIMIZATION_LEVEL = 0;
				GCC_PREPROCESSOR_DEFINITIONS = (
					"DEBUG=1",
					"$(inherited)",
				);
				GCC_WARN_64_TO_32_BIT_CONVERSION = YES;
				GCC_WARN_ABOUT_RETURN_TYPE = YES_ERROR;
				GCC_WARN_UNDECLARED_SELECTOR = YES;
				GCC_WARN_UNINITIALIZED_AUTOS = YES_AGGRESSIVE;
				GCC_WARN_UNUSED_FUNCTION = YES;
				GCC_WARN_UNUSED_VARIABLE = YES;
				IPHONEOS_DEPLOYMENT_TARGET = 14.5;
				MTL_ENABLE_DEBUG_INFO = INCLUDE_SOURCE;
				MTL_FAST_MATH = YES;
				ONLY_ACTIVE_ARCH = YES;
				SDKROOT = iphoneos;
				SWIFT_ACTIVE_COMPILATION_CONDITIONS = DEBUG;
				SWIFT_OPTIMIZATION_LEVEL = "-Onone";
			};
			name = Debug;
		};
		7DF46EEA2703246600BD76D2 /* Release */ = {
			isa = XCBuildConfiguration;
			buildSettings = {
				ALWAYS_SEARCH_USER_PATHS = NO;
				CLANG_ANALYZER_NONNULL = YES;
				CLANG_ANALYZER_NUMBER_OBJECT_CONVERSION = YES_AGGRESSIVE;
				CLANG_CXX_LANGUAGE_STANDARD = "gnu++14";
				CLANG_CXX_LIBRARY = "libc++";
				CLANG_ENABLE_MODULES = YES;
				CLANG_ENABLE_OBJC_ARC = YES;
				CLANG_ENABLE_OBJC_WEAK = YES;
				CLANG_WARN_BLOCK_CAPTURE_AUTORELEASING = YES;
				CLANG_WARN_BOOL_CONVERSION = YES;
				CLANG_WARN_COMMA = YES;
				CLANG_WARN_CONSTANT_CONVERSION = YES;
				CLANG_WARN_DEPRECATED_OBJC_IMPLEMENTATIONS = YES;
				CLANG_WARN_DIRECT_OBJC_ISA_USAGE = YES_ERROR;
				CLANG_WARN_DOCUMENTATION_COMMENTS = YES;
				CLANG_WARN_EMPTY_BODY = YES;
				CLANG_WARN_ENUM_CONVERSION = YES;
				CLANG_WARN_INFINITE_RECURSION = YES;
				CLANG_WARN_INT_CONVERSION = YES;
				CLANG_WARN_NON_LITERAL_NULL_CONVERSION = YES;
				CLANG_WARN_OBJC_IMPLICIT_RETAIN_SELF = YES;
				CLANG_WARN_OBJC_LITERAL_CONVERSION = YES;
				CLANG_WARN_OBJC_ROOT_CLASS = YES_ERROR;
				CLANG_WARN_QUOTED_INCLUDE_IN_FRAMEWORK_HEADER = YES;
				CLANG_WARN_RANGE_LOOP_ANALYSIS = YES;
				CLANG_WARN_STRICT_PROTOTYPES = YES;
				CLANG_WARN_SUSPICIOUS_MOVE = YES;
				CLANG_WARN_UNGUARDED_AVAILABILITY = YES_AGGRESSIVE;
				CLANG_WARN_UNREACHABLE_CODE = YES;
				CLANG_WARN__DUPLICATE_METHOD_MATCH = YES;
				COPY_PHASE_STRIP = NO;
				DEBUG_INFORMATION_FORMAT = "dwarf-with-dsym";
				ENABLE_NS_ASSERTIONS = NO;
				ENABLE_STRICT_OBJC_MSGSEND = YES;
				GCC_C_LANGUAGE_STANDARD = gnu11;
				GCC_NO_COMMON_BLOCKS = YES;
				GCC_WARN_64_TO_32_BIT_CONVERSION = YES;
				GCC_WARN_ABOUT_RETURN_TYPE = YES_ERROR;
				GCC_WARN_UNDECLARED_SELECTOR = YES;
				GCC_WARN_UNINITIALIZED_AUTOS = YES_AGGRESSIVE;
				GCC_WARN_UNUSED_FUNCTION = YES;
				GCC_WARN_UNUSED_VARIABLE = YES;
				IPHONEOS_DEPLOYMENT_TARGET = 14.5;
				MTL_ENABLE_DEBUG_INFO = NO;
				MTL_FAST_MATH = YES;
				SDKROOT = iphoneos;
				SWIFT_COMPILATION_MODE = wholemodule;
				SWIFT_OPTIMIZATION_LEVEL = "-O";
				VALIDATE_PRODUCT = YES;
			};
			name = Release;
		};
		7DF46EEC2703246600BD76D2 /* Debug */ = {
			isa = XCBuildConfiguration;
			buildSettings = {
				ASSETCATALOG_COMPILER_APPICON_NAME = AppIcon;
				ASSETCATALOG_COMPILER_GLOBAL_ACCENT_COLOR_NAME = AccentColor;
				CODE_SIGN_STYLE = Automatic;
				DEVELOPMENT_TEAM = NZSUHT5DUD;
				INFOPLIST_FILE = iOS_Test/Info.plist;
				LD_RUNPATH_SEARCH_PATHS = (
					"$(inherited)",
					"@executable_path/Frameworks",
				);
				PRODUCT_BUNDLE_IDENTIFIER = "com.iOS-Test";
				PRODUCT_NAME = "$(TARGET_NAME)";
				SWIFT_VERSION = 5.0;
				TARGETED_DEVICE_FAMILY = "1,2";
			};
			name = Debug;
		};
		7DF46EED2703246600BD76D2 /* Release */ = {
			isa = XCBuildConfiguration;
			buildSettings = {
				ASSETCATALOG_COMPILER_APPICON_NAME = AppIcon;
				ASSETCATALOG_COMPILER_GLOBAL_ACCENT_COLOR_NAME = AccentColor;
				CODE_SIGN_STYLE = Automatic;
				DEVELOPMENT_TEAM = NZSUHT5DUD;
				INFOPLIST_FILE = iOS_Test/Info.plist;
				LD_RUNPATH_SEARCH_PATHS = (
					"$(inherited)",
					"@executable_path/Frameworks",
				);
				PRODUCT_BUNDLE_IDENTIFIER = "com.iOS-Test";
				PRODUCT_NAME = "$(TARGET_NAME)";
				SWIFT_VERSION = 5.0;
				TARGETED_DEVICE_FAMILY = "1,2";
			};
			name = Release;
		};
		7DF46EEF2703246600BD76D2 /* Debug */ = {
			isa = XCBuildConfiguration;
			buildSettings = {
				ALWAYS_EMBED_SWIFT_STANDARD_LIBRARIES = YES;
				BUNDLE_LOADER = "$(TEST_HOST)";
				CODE_SIGN_STYLE = Automatic;
				DEVELOPMENT_TEAM = NZSUHT5DUD;
				INFOPLIST_FILE = iOS_TestTests/Info.plist;
				IPHONEOS_DEPLOYMENT_TARGET = 14.5;
				LD_RUNPATH_SEARCH_PATHS = (
					"$(inherited)",
					"@executable_path/Frameworks",
					"@loader_path/Frameworks",
				);
				PRODUCT_BUNDLE_IDENTIFIER = "com.iOS-TestTests";
				PRODUCT_NAME = "$(TARGET_NAME)";
				SWIFT_VERSION = 5.0;
				TARGETED_DEVICE_FAMILY = "1,2";
				TEST_HOST = "$(BUILT_PRODUCTS_DIR)/iOS_Test.app/iOS_Test";
			};
			name = Debug;
		};
		7DF46EF02703246600BD76D2 /* Release */ = {
			isa = XCBuildConfiguration;
			buildSettings = {
				ALWAYS_EMBED_SWIFT_STANDARD_LIBRARIES = YES;
				BUNDLE_LOADER = "$(TEST_HOST)";
				CODE_SIGN_STYLE = Automatic;
				DEVELOPMENT_TEAM = NZSUHT5DUD;
				INFOPLIST_FILE = iOS_TestTests/Info.plist;
				IPHONEOS_DEPLOYMENT_TARGET = 14.5;
				LD_RUNPATH_SEARCH_PATHS = (
					"$(inherited)",
					"@executable_path/Frameworks",
					"@loader_path/Frameworks",
				);
				PRODUCT_BUNDLE_IDENTIFIER = "com.iOS-TestTests";
				PRODUCT_NAME = "$(TARGET_NAME)";
				SWIFT_VERSION = 5.0;
				TARGETED_DEVICE_FAMILY = "1,2";
				TEST_HOST = "$(BUILT_PRODUCTS_DIR)/iOS_Test.app/iOS_Test";
			};
			name = Release;
		};
		7DF46EF22703246600BD76D2 /* Debug */ = {
			isa = XCBuildConfiguration;
			buildSettings = {
				ALWAYS_EMBED_SWIFT_STANDARD_LIBRARIES = YES;
				CODE_SIGN_STYLE = Automatic;
				DEVELOPMENT_TEAM = NZSUHT5DUD;
				INFOPLIST_FILE = iOS_TestUITests/Info.plist;
				LD_RUNPATH_SEARCH_PATHS = (
					"$(inherited)",
					"@executable_path/Frameworks",
					"@loader_path/Frameworks",
				);
				PRODUCT_BUNDLE_IDENTIFIER = "com.iOS-TestUITests";
				PRODUCT_NAME = "$(TARGET_NAME)";
				SWIFT_VERSION = 5.0;
				TARGETED_DEVICE_FAMILY = "1,2";
				TEST_TARGET_NAME = iOS_Test;
			};
			name = Debug;
		};
		7DF46EF32703246600BD76D2 /* Release */ = {
			isa = XCBuildConfiguration;
			buildSettings = {
				ALWAYS_EMBED_SWIFT_STANDARD_LIBRARIES = YES;
				CODE_SIGN_STYLE = Automatic;
				DEVELOPMENT_TEAM = NZSUHT5DUD;
				INFOPLIST_FILE = iOS_TestUITests/Info.plist;
				LD_RUNPATH_SEARCH_PATHS = (
					"$(inherited)",
					"@executable_path/Frameworks",
					"@loader_path/Frameworks",
				);
				PRODUCT_BUNDLE_IDENTIFIER = "com.iOS-TestUITests";
				PRODUCT_NAME = "$(TARGET_NAME)";
				SWIFT_VERSION = 5.0;
				TARGETED_DEVICE_FAMILY = "1,2";
				TEST_TARGET_NAME = iOS_Test;
			};
			name = Release;
		};
/* End XCBuildConfiguration section */

/* Begin XCConfigurationList section */
		7DF46EBC2703246500BD76D2 /* Build configuration list for PBXProject "iOS_Test" */ = {
			isa = XCConfigurationList;
			buildConfigurations = (
				7DF46EE92703246600BD76D2 /* Debug */,
				7DF46EEA2703246600BD76D2 /* Release */,
			);
			defaultConfigurationIsVisible = 0;
			defaultConfigurationName = Release;
		};
		7DF46EEB2703246600BD76D2 /* Build configuration list for PBXNativeTarget "iOS_Test" */ = {
			isa = XCConfigurationList;
			buildConfigurations = (
				7DF46EEC2703246600BD76D2 /* Debug */,
				7DF46EED2703246600BD76D2 /* Release */,
			);
			defaultConfigurationIsVisible = 0;
			defaultConfigurationName = Release;
		};
		7DF46EEE2703246600BD76D2 /* Build configuration list for PBXNativeTarget "iOS_TestTests" */ = {
			isa = XCConfigurationList;
			buildConfigurations = (
				7DF46EEF2703246600BD76D2 /* Debug */,
				7DF46EF02703246600BD76D2 /* Release */,
			);
			defaultConfigurationIsVisible = 0;
			defaultConfigurationName = Release;
		};
		7DF46EF12703246600BD76D2 /* Build configuration list for PBXNativeTarget "iOS_TestUITests" */ = {
			isa = XCConfigurationList;
			buildConfigurations = (
				7DF46EF22703246600BD76D2 /* Debug */,
				7DF46EF32703246600BD76D2 /* Release */,
			);
			defaultConfigurationIsVisible = 0;
			defaultConfigurationName = Release;
		};
/* End XCConfigurationList section */
	};
	rootObject = 7DF46EB92703246500BD76D2 /* Project object */;
}
